<Solution>
  <Folder Name="/apps/" />
  <Folder Name="/apps/contract-service/" />
  <Folder Name="/apps/contract-service/src/">
    <Project Path="apps/contract-service/src/Flaggo.ContractService/Flaggo.ContractService.csproj" />
  </Folder>
  <Folder Name="/apps/decision-service/" />
  <Folder Name="/apps/decision-service/src/">
    <Project Path="apps/decision-service/src/Flaggo.DecisionService/Flaggo.DecisionService.csproj" />
  </Folder>
  <Folder Name="/apps/otel-ingestion/" />
  <Folder Name="/apps/otel-ingestion/src/">
    <Project Path="apps/otel-ingestion/src/Flaggo.OtelIngestion/Flaggo.OtelIngestion.csproj" />
  </Folder>
  <Folder Name="/modules/" />
  <Folder Name="/modules/contract/" />
  <Folder Name="/modules/contract/src/">
    <Project Path="modules/contract/src/Flaggo.Contract/Flaggo.Contract.csproj" />
  </Folder>
  <Folder Name="/modules/contract-store/" />
  <Folder Name="/modules/contract-store/src/">
    <Project Path="modules/contract-store/src/Flaggo.ContractStore/Flaggo.ContractStore.csproj" />
  </Folder>
  <Folder Name="/modules/decision/" />
  <Folder Name="/modules/decision/src/">
    <Project Path="modules/decision/src/Flaggo.Decision/Flaggo.Decision.csproj" />
  </Folder>
  <Folder Name="/modules/executable-store/" />
  <Folder Name="/modules/executable-store/src/">
    <Project Path="modules/executable-store/src/Flaggo.ExecutableStore/Flaggo.ExecutableStore.csproj" />
  </Folder>
  <Folder Name="/modules/evidence-store/" />
  <Folder Name="/modules/evidence-store/src/">
    <Project Path="modules/evidence-store/src/Flaggo.EvidenceStore/Flaggo.EvidenceStore.csproj" />
  </Folder>
  <Folder Name="/modules/expression/" />
  <Folder Name="/modules/expression/src/">
    <Project Path="modules/expression/src/Flaggo.Expressions/Flaggo.Expressions.csproj" />
  </Folder>
  <Folder Name="/modules/hosting/" />
  <Folder Name="/modules/hosting/src/">
    <Project Path="modules/hosting/src/Flaggo.ServiceHosting/Flaggo.ServiceHosting.csproj" />
  </Folder>
  <Folder Name="/tests/">
    <Project Path="tests/Flaggo.ContractService.Tests/Flaggo.ContractService.Tests.csproj" />
    <Project Path="tests/Flaggo.Core.Tests/Flaggo.Core.Tests.csproj" />
    <Project Path="tests/Flaggo.DecisionService.Tests/Flaggo.DecisionService.Tests.csproj" />
    <Project Path="tests/Flaggo.OtelIngestion.Tests/Flaggo.OtelIngestion.Tests.csproj" />
  </Folder>
</Solution>
